
Microsoft Visual Studio Solution File, Format Version 12.00
# Visual Studio 15
VisualStudioVersion = 15.0.26730.12
MinimumVisualStudioVersion = 10.0.40219.1
Project("{9A19103F-16F7-4668-BE54-9A1E7A4F7556}") = "dotnetfoundation-website", "dotnetfoundation-website.csproj", "{D9C22D65-7F6C-4609-8E74-97878593E658}"
EndProject
Global
	GlobalSection(SolutionConfigurationPlatforms) = preSolution
		Debug|Any CPU = Debug|Any CPU
		Release|Any CPU = Release|Any CPU
	EndGlobalSection
	GlobalSection(ProjectConfigurationPlatforms) = postSolution
		{D9C22D65-7F6C-4609-8E74-97878593E658}.Debug|Any CPU.ActiveCfg = Debug|Any CPU
		{D9C22D65-7F6C-4609-8E74-97878593E658}.Debug|Any CPU.Build.0 = Debug|Any CPU
		{D9C22D65-7F6C-4609-8E74-97878593E658}.Release|Any CPU.ActiveCfg = Release|Any CPU
		{D9C22D65-7F6C-4609-8E74-97878593E658}.Release|Any CPU.Build.0 = Release|Any CPU
	EndGlobalSection
	GlobalSection(SolutionProperties) = preSolution
		HideSolutionNode = FALSE
	EndGlobalSection
	GlobalSection(ExtensibilityGlobals) = postSolution
		SolutionGuid = {2A51BE2F-1FA2-42A9-A73B-7C5CDA1BF26C}
	EndGlobalSection
EndGlobal
